{
  "version": 4,
  "terraform_version": "1.14.6",
  "serial": 2,
  "lineage": "73841086-bb0c-84da-8232-79cd05ff1333",
  "outputs": {
    "ecr_repository_url": {
      "value": "430695042642.dkr.ecr.eu-west-1.amazonaws.com/cloudforge-staging",
      "type": "string"
    }
  },
  "resources": [
    {
      "mode": "managed",
      "type": "aws_ecr_repository",
      "name": "app",
      "provider": "provider[\"registry.terraform.io/hashicorp/aws\"]",
      "instances": [
        {
          "schema_version": 0,
          "attributes": {
            "arn": "arn:aws:ecr:eu-west-1:430695042642:repository/cloudforge-staging",
            "encryption_configuration": [
              {
                "encryption_type": "AES256",
                "kms_key": ""
              }
            ],
            "force_delete": null,
            "id": "cloudforge-staging",
            "image_scanning_configuration": [
              {
                "scan_on_push": true
              }
            ],
            "image_tag_mutability": "MUTABLE",
            "name": "cloudforge-staging",
            "registry_id": "430695042642",
            "repository_url": "430695042642.dkr.ecr.eu-west-1.amazonaws.com/cloudforge-staging",
            "tags": {
              "Environment": "staging",
              "Name": "cloudforge-staging"
            },
            "tags_all": {
              "Environment": "staging",
              "Name": "cloudforge-staging"
            },
            "timeouts": null
          },
          "sensitive_attributes": [],
          "identity_schema_version": 0,
          "private": "eyJlMmJmYjczMC1lY2FhLTExZTYtOGY4OC0zNDM2M2JjN2M0YzAiOnsiZGVsZXRlIjoxMjAwMDAwMDAwMDAwfX0="
        }
      ]
    }
  ],
  "check_results": null
}
